
Microsoft Visual Studio Solution File, Format Version 12.00
# Visual Studio Version 17
VisualStudioVersion = 17.10.34916.146
MinimumVisualStudioVersion = 10.0.40219.1
Project("{9A19103F-16F7-4668-BE54-9A1E7A4F7556}") = "Home exercise POB2312", "Home exercise POB2312\Home exercise POB2312.csproj", "{98B06566-79F0-4102-95D5-4B83611CF718}"
EndProject
Project("{FAE04EC0-301F-11D3-BF4B-00C04F79EFBC}") = "27.2", "27.2\27.2.csproj", "{68430227-075C-42D1-B070-94501072ABB5}"
EndProject
Global
	GlobalSection(SolutionConfigurationPlatforms) = preSolution
		Debug|Any CPU = Debug|Any CPU
		Release|Any CPU = Release|Any CPU
	EndGlobalSection
	GlobalSection(ProjectConfigurationPlatforms) = postSolution
		{98B06566-79F0-4102-95D5-4B83611CF718}.Debug|Any CPU.ActiveCfg = Debug|Any CPU
		{98B06566-79F0-4102-95D5-4B83611CF718}.Debug|Any CPU.Build.0 = Debug|Any CPU
		{98B06566-79F0-4102-95D5-4B83611CF718}.Release|Any CPU.ActiveCfg = Release|Any CPU
		{98B06566-79F0-4102-95D5-4B83611CF718}.Release|Any CPU.Build.0 = Release|Any CPU
		{68430227-075C-42D1-B070-94501072ABB5}.Debug|Any CPU.ActiveCfg = Debug|Any CPU
		{68430227-075C-42D1-B070-94501072ABB5}.Debug|Any CPU.Build.0 = Debug|Any CPU
		{68430227-075C-42D1-B070-94501072ABB5}.Release|Any CPU.ActiveCfg = Release|Any CPU
		{68430227-075C-42D1-B070-94501072ABB5}.Release|Any CPU.Build.0 = Release|Any CPU
	EndGlobalSection
	GlobalSection(SolutionProperties) = preSolution
		HideSolutionNode = FALSE
	EndGlobalSection
	GlobalSection(ExtensibilityGlobals) = postSolution
		SolutionGuid = {72D7BCD1-0653-46A3-910C-7BEF8964206F}
	EndGlobalSection
EndGlobal
